
Microsoft Visual Studio Solution File, Format Version 12.00
# Visual Studio Version 16
VisualStudioVersion = 16.0.31205.134
MinimumVisualStudioVersion = 10.0.40219.1
Project("{FAE04EC0-301F-11D3-BF4B-00C04F79EFBC}") = "InAndOut", "InAndOut\InAndOut.csproj", "{BF956143-3C94-4723-885C-798BDF94948B}"
EndProject
Global
	GlobalSection(SolutionConfigurationPlatforms) = preSolution
		Debug|Any CPU = Debug|Any CPU
		Release|Any CPU = Release|Any CPU
	EndGlobalSection
	GlobalSection(ProjectConfigurationPlatforms) = postSolution
		{BF956143-3C94-4723-885C-798BDF94948B}.Debug|Any CPU.ActiveCfg = Debug|Any CPU
		{BF956143-3C94-4723-885C-798BDF94948B}.Debug|Any CPU.Build.0 = Debug|Any CPU
		{BF956143-3C94-4723-885C-798BDF94948B}.Release|Any CPU.ActiveCfg = Release|Any CPU
		{BF956143-3C94-4723-885C-798BDF94948B}.Release|Any CPU.Build.0 = Release|Any CPU
	EndGlobalSection
	GlobalSection(SolutionProperties) = preSolution
		HideSolutionNode = FALSE
	EndGlobalSection
	GlobalSection(ExtensibilityGlobals) = postSolution
		SolutionGuid = {A1F3BBB3-B58A-4793-8BF3-DF3BE260A280}
	EndGlobalSection
EndGlobal
